Microsoft Visual Studio Solution File, Format Version 12.00
# Visual Studio Version 17
VisualStudioVersion = 17.5.2.0
MinimumVisualStudioVersion = 10.0.40219.1
Project("{FAE04EC0-301F-11D3-BF4B-00C04F79EFBC}") = "FileGen", "FileGen.csproj", "{C0650FDA-ECDF-372A-D5BB-6F15FADB4E4D}"
EndProject
Global
	GlobalSection(SolutionConfigurationPlatforms) = preSolution
		Debug|Any CPU = Debug|Any CPU
		Release|Any CPU = Release|Any CPU
	EndGlobalSection
	GlobalSection(ProjectConfigurationPlatforms) = postSolution
		{C0650FDA-ECDF-372A-D5BB-6F15FADB4E4D}.Debug|Any CPU.ActiveCfg = Debug|Any CPU
		{C0650FDA-ECDF-372A-D5BB-6F15FADB4E4D}.Debug|Any CPU.Build.0 = Debug|Any CPU
		{C0650FDA-ECDF-372A-D5BB-6F15FADB4E4D}.Release|Any CPU.ActiveCfg = Release|Any CPU
		{C0650FDA-ECDF-372A-D5BB-6F15FADB4E4D}.Release|Any CPU.Build.0 = Release|Any CPU
	EndGlobalSection
	GlobalSection(SolutionProperties) = preSolution
		HideSolutionNode = FALSE
	EndGlobalSection
	GlobalSection(ExtensibilityGlobals) = postSolution
		SolutionGuid = {CEC25A26-EF49-4B54-BFD2-30043F2A4BAD}
	EndGlobalSection
EndGlobal
